{
    "_meta": {
        "hash": {
            "sha256": "5980c801d1c1f0ac376b03a4857b8e038b32cfddabe1a3d6c54453af68d54eb5"
        },
        "pipfile-spec": 6,
        "requires": {
            "python_version": "3.7"
        },
        "sources": [
            {
                "name": "pypi",
                "url": "https://pypi.tuna.tsinghua.edu.cn/simple",
                "verify_ssl": true
            }
        ]
    },
    "default": {
        "django": {
            "hashes": [
                "sha256:4d23f61b26892bac785f07401bc38cbf8fa4cec993f400e9cd9ddf28fd51c0ea",
                "sha256:6e974d4b57e3b29e4882b244d40171d6a75202ab8d2402b8e8adbd182e25cf0c"
            ],
            "index": "pypi",
            "version": "==2.2.3"
        },
        "djangorestframework": {
            "hashes": [
                "sha256:1ca4a5599a5ec31f3d6238a687fcc1dd4c41b1d90edab9ad398fcbf87872b7ba",
                "sha256:c3c5edfdbc5dd33f9121bb84305bfd603d2c791f20cff9782772f44a7684a4e4"
            ],
            "index": "pypi",
            "version": "==3.10.1"
        },
        "pymysql": {
            "hashes": [
                "sha256:3943fbbbc1e902f41daf7f9165519f140c4451c179380677e6a848587042561a",
                "sha256:d8c059dcd81dedb85a9f034d5e22dcb4442c0b201908bede99e306d65ea7c8e7"
            ],
            "index": "pypi",
            "version": "==0.9.3"
        },
        "pypiwin32": {
            "hashes": [
                "sha256:67adf399debc1d5d14dffc1ab5acacb800da569754fafdc576b2a039485aa775",
                "sha256:71be40c1fbd28594214ecaecb58e7aa8b708eabfa0125c8a109ebd51edbd776a"
            ],
            "index": "pypi",
            "version": "==223"
        },
        "pytz": {
            "hashes": [
                "sha256:303879e36b721603cc54604edcac9d20401bdbe31e1e4fdee5b9f98d5d31dfda",
                "sha256:d747dd3d23d77ef44c6a3526e274af6efeb0a6f1afd5a69ba4d5be4098c8e141"
            ],
            "version": "==2019.1"
        },
        "pywin32": {
            "hashes": [
                "sha256:22e218832a54ed206452c8f3ca9eff07ef327f8e597569a4c2828be5eaa09a77",
                "sha256:32b37abafbfeddb0fe718008d6aada5a71efa2874f068bee1f9e703983dcc49a",
                "sha256:35451edb44162d2f603b5b18bd427bc88fcbc74849eaa7a7e7cfe0f507e5c0c8",
                "sha256:4eda2e1e50faa706ff8226195b84fbcbd542b08c842a9b15e303589f85bfb41c",
                "sha256:5f265d72588806e134c8e1ede8561739071626ea4cc25c12d526aa7b82416ae5",
                "sha256:6852ceac5fdd7a146b570655c37d9eacd520ed1eaeec051ff41c6fc94243d8bf",
                "sha256:6dbc4219fe45ece6a0cc6baafe0105604fdee551b5e876dc475d3955b77190ec",
                "sha256:9bd07746ce7f2198021a9fa187fa80df7b221ec5e4c234ab6f00ea355a3baf99"
            ],
            "version": "==224"
        },
        "sqlparse": {
            "hashes": [
                "sha256:40afe6b8d4b1117e7dff5504d7a8ce07d9a1b15aeeade8a2d10f130a834f8177",
                "sha256:7c3dca29c022744e95b547e867cee89f4fce4373f3549ccd8797d8eb52cdb873"
            ],
            "version": "==0.3.0"
        },
        "wmi": {
            "hashes": [
                "sha256:192ccfad3d7bb3ef43116d753f4d5cf85c0a6b738f832cc131e928fd93cdd400"
            ],
            "index": "pypi",
            "version": "==1.4.9"
        }
    },
    "develop": {}
}
